// !$*UTF8*$!
{
	archiveVersion = 1;
	classes = {
	};
	objectVersion = 46;
	objects = {

/* Begin PBXBuildFile section */
		BA2881C61CB292D300CB8328 /* AppDelegate.swift in Sources */ = {isa = PBXBuildFile; fileRef = BA2881C51CB292D300CB8328 /* AppDelegate.swift */; };
		BA2881C81CB292D300CB8328 /* ViewController.swift in Sources */ = {isa = PBXBuildFile; fileRef = BA2881C71CB292D300CB8328 /* ViewController.swift */; };
		BA2881CB1CB292D300CB8328 /* Main.storyboard in Resources */ = {isa = PBXBuildFile; fileRef = BA2881C91CB292D300CB8328 /* Main.storyboard */; };
		BA2881CD1CB292D300CB8328 /* Assets.xcassets in Resources */ = {isa = PBXBuildFile; fileRef = BA2881CC1CB292D300CB8328 /* Assets.xcassets */; };
		BA2881D01CB292D300CB8328 /* LaunchScreen.storyboard in Resources */ = {isa = PBXBuildFile; fileRef = BA2881CE1CB292D300CB8328 /* LaunchScreen.storyboard */; };
/* End PBXBuildFile section */

/* Begin PBXFileReference section */
		BA2881C21CB292D300CB8328 /* PaperSwitchApp.app */ = {isa = PBXFileReference; explicitFileType = wrapper.application; includeInIndex = 0; path = PaperSwitchApp.app; sourceTree = BUILT_PRODUCTS_DIR; };
		BA2881C51CB292D300CB8328 /* AppDelegate.swift */ = {isa = PBXFileReference; lastKnownFileType = sourcecode.swift; path = AppDelegate.swift; sourceTree = "<group>"; };
		BA2881C71CB292D300CB8328 /* ViewController.swift */ = {isa = PBXFileReference; lastKnownFileType = sourcecode.swift; path = ViewController.swift; sourceTree = "<group>"; };
		BA2881CA1CB292D300CB8328 /* Base */ = {isa = PBXFileReference; lastKnownFileType = file.storyboard; name = Base; path = Base.lproj/Main.storyboard; sourceTree = "<group>"; };
		BA2881CC1CB292D300CB8328 /* Assets.xcassets */ = {isa = PBXFileReference; lastKnownFileType = folder.assetcatalog; path = Assets.xcassets; sourceTree = "<group>"; };
		BA2881CF1CB292D300CB8328 /* Base */ = {isa = PBXFileReference; lastKnownFileType = file.storyboard; name = Base; path = Base.lproj/LaunchScreen.storyboard; sourceTree = "<group>"; };
		BA2881D11CB292D300CB8328 /* Info.plist */ = {isa = PBXFileReference; lastKnownFileType = text.plist.xml; path = Info.plist; sourceTree = "<group>"; };
/* End PBXFileReference section */

/* Begin PBXFrameworksBuildPhase section */
		BA2881BF1CB292D300CB8328 /* Frameworks */ = {
			isa = PBXFrameworksBuildPhase;
			buildActionMask = 2147483647;
			files = (
			);
			runOnlyForDeploymentPostprocessing = 0;
		};
/* End PBXFrameworksBuildPhase section */

/* Begin PBXGroup section */
		BA2881B91CB292D300CB8328 = {
			isa = PBXGroup;
			children = (
				BA2881C41CB292D300CB8328 /* PaperSwitchApp */,
				BA2881C31CB292D300CB8328 /* Products */,
			);
			sourceTree = "<group>";
		};
		BA2881C31CB292D300CB8328 /* Products */ = {
			isa = PBXGroup;
			children = (
				BA2881C21CB292D300CB8328 /* PaperSwitchApp.app */,
			);
			name = Products;
			sourceTree = "<group>";
		};
		BA2881C41CB292D300CB8328 /* PaperSwitchApp */ = {
			isa = PBXGroup;
			children = (
				BA2881C51CB292D300CB8328 /* AppDelegate.swift */,
				BA2881C71CB292D300CB8328 /* ViewController.swift */,
				BA2881C91CB292D300CB8328 /* Main.storyboard */,
				BA2881CC1CB292D300CB8328 /* Assets.xcassets */,
				BA2881CE1CB292D300CB8328 /* LaunchScreen.storyboard */,
				BA2881D11CB292D300CB8328 /* Info.plist */,
			);
			path = PaperSwitchApp;
			sourceTree = "<group>";
		};
/* End PBXGroup section */

/* Begin PBXNativeTarget section */
		BA2881C11CB292D300CB8328 /* PaperSwitchApp */ = {
			isa = PBXNativeTarget;
			buildConfigurationList = BA2881D41CB292D300CB8328 /* Build configuration list for PBXNativeTarget "PaperSwitchApp" */;
			buildPhases = (
				BA2881BE1CB292D300CB8328 /* Sources */,
				BA2881BF1CB292D300CB8328 /* Frameworks */,
				BA2881C01CB292D300CB8328 /* Resources */,
			);
			buildRules = (
			);
			dependencies = (
			);
			name = PaperSwitchApp;
			productName = PaperSwitchApp;
			productReference = BA2881C21CB292D300CB8328 /* PaperSwitchApp.app */;
			productType = "com.apple.product-type.application";
		};
/* End PBXNativeTarget section */

/* Begin PBXProject section */
		BA2881BA1CB292D300CB8328 /* Project object */ = {
			isa = PBXProject;
			attributes = {
				LastSwiftUpdateCheck = 0720;
				LastUpgradeCheck = 0720;
				ORGANIZATIONNAME = "Matvey Kravtsov";
				TargetAttributes = {
					BA2881C11CB292D300CB8328 = {
						CreatedOnToolsVersion = 7.2.1;
					};
				};
			};
			buildConfigurationList = BA2881BD1CB292D300CB8328 /* Build configuration list for PBXProject "PaperSwitchApp" */;
			compatibilityVersion = "Xcode 3.2";
			developmentRegion = English;
			hasScannedForEncodings = 0;
			knownRegions = (
				en,
				Base,
			);
			mainGroup = BA2881B91CB292D300CB8328;
			productRefGroup = BA2881C31CB292D300CB8328 /* Products */;
			projectDirPath = "";
			projectRoot = "";
			targets = (
				BA2881C11CB292D300CB8328 /* PaperSwitchApp */,
			);
		};
/* End PBXProject section */

/* Begin PBXResourcesBuildPhase section */
		BA2881C01CB292D300CB8328 /* Resources */ = {
			isa = PBXResourcesBuildPhase;
			buildActionMask = 2147483647;
			files = (
				BA2881D01CB292D300CB8328 /* LaunchScreen.storyboard in Resources */,
				BA2881CD1CB292D300CB8328 /* Assets.xcassets in Resources */,
				BA2881CB1CB292D300CB8328 /* Main.storyboard in Resources */,
			);
			runOnlyForDeploymentPostprocessing = 0;
		};
/* End PBXResourcesBuildPhase section */

/* Begin PBXSourcesBuildPhase section */
		BA2881BE1CB292D300CB8328 /* Sources */ = {
			isa = PBXSourcesBuildPhase;
			buildActionMask = 2147483647;
			files = (
				BA2881C81CB292D300CB8328 /* ViewController.swift in Sources */,
				BA2881C61CB292D300CB8328 /* AppDelegate.swift in Sources */,
			);
			runOnlyForDeploymentPostprocessing = 0;
		};
/* End PBXSourcesBuildPhase section */

/* Begin PBXVariantGroup section */
		BA2881C91CB292D300CB8328 /* Main.storyboard */ = {
			isa = PBXVariantGroup;
			children = (
				BA2881CA1CB292D300CB8328 /* Base */,
			);
			name = Main.storyboard;
			sourceTree = "<group>";
		};
		BA2881CE1CB292D300CB8328 /* LaunchScreen.storyboard */ = {
			isa = PBXVariantGroup;
			children = (
				BA2881CF1CB292D300CB8328 /* Base */,
			);
			name = LaunchScreen.storyboard;
			sourceTree = "<group>";
		};
/* End PBXVariantGroup section */

/* Begin XCBuildConfiguration section */
		BA2881D21CB292D300CB8328 /* Debug */ = {
			isa = XCBuildConfiguration;
			buildSettings = {
				ALWAYS_SEARCH_USER_PATHS = NO;
				CLANG_CXX_LANGUAGE_STANDARD = "gnu++0x";
				CLANG_CXX_LIBRARY = "libc++";
				CLANG_ENABLE_MODULES = YES;
				CLANG_ENABLE_OBJC_ARC = YES;
				CLANG_WARN_BOOL_CONVERSION = YES;
				CLANG_WARN_CONSTANT_CONVERSION = YES;
				CLANG_WARN_DIRECT_OBJC_ISA_USAGE = YES_ERROR;
				CLANG_WARN_EMPTY_BODY = YES;
				CLANG_WARN_ENUM_CONVERSION = YES;
				CLANG_WARN_INT_CONVERSION = YES;
				CLANG_WARN_OBJC_ROOT_CLASS = YES_ERROR;
				CLANG_WARN_UNREACHABLE_CODE = YES;
				CLANG_WARN__DUPLICATE_METHOD_MATCH = YES;
				"CODE_SIGN_IDENTITY[sdk=iphoneos*]" = "iPhone Developer";
				COPY_PHASE_STRIP = NO;
				DEBUG_INFORMATION_FORMAT = dwarf;
				ENABLE_STRICT_OBJC_MSGSEND = YES;
				ENABLE_TESTABILITY = YES;
				GCC_C_LANGUAGE_STANDARD = gnu99;
				GCC_DYNAMIC_NO_PIC = NO;
				GCC_NO_COMMON_BLOCKS = YES;
				GCC_OPTIMIZATION_LEVEL = 0;
				GCC_PREPROCESSOR_DEFINITIONS = (
					"DEBUG=1",
					"$(inherited)",
				);
				GCC_WARN_64_TO_32_BIT_CONVERSION = YES;
				GCC_WARN_ABOUT_RETURN_TYPE = YES_ERROR;
				GCC_WARN_UNDECLARED_SELECTOR = YES;
				GCC_WARN_UNINITIALIZED_AUTOS = YES_AGGRESSIVE;
				GCC_WARN_UNUSED_FUNCTION = YES;
				GCC_WARN_UNUSED_VARIABLE = YES;
				IPHONEOS_DEPLOYMENT_TARGET = 9.2;
				MTL_ENABLE_DEBUG_INFO = YES;
				ONLY_ACTIVE_ARCH = YES;
				SDKROOT = iphoneos;
				SWIFT_OPTIMIZATION_LEVEL = "-Onone";
				TARGETED_DEVICE_FAMILY = "1,2";
			};
			name = Debug;
		};
		BA2881D31CB292D300CB8328 /* Release */ = {
			isa = XCBuildConfiguration;
			buildSettings = {
				ALWAYS_SEARCH_USER_PATHS = NO;
				CLANG_CXX_LANGUAGE_STANDARD = "gnu++0x";
				CLANG_CXX_LIBRARY = "libc++";
				CLANG_ENABLE_MODULES = YES;
				CLANG_ENABLE_OBJC_ARC = YES;
				CLANG_WARN_BOOL_CONVERSION = YES;
				CLANG_WARN_CONSTANT_CONVERSION = YES;
				CLANG_WARN_DIRECT_OBJC_ISA_USAGE = YES_ERROR;
				CLANG_WARN_EMPTY_BODY = YES;
				CLANG_WARN_ENUM_CONVERSION = YES;
				CLANG_WARN_INT_CONVERSION = YES;
				CLANG_WARN_OBJC_ROOT_CLASS = YES_ERROR;
				CLANG_WARN_UNREACHABLE_CODE = YES;
				CLANG_WARN__DUPLICATE_METHOD_MATCH = YES;
				"CODE_SIGN_IDENTITY[sdk=iphoneos*]" = "iPhone Developer";
				COPY_PHASE_STRIP = NO;
				DEBUG_INFORMATION_FORMAT = "dwarf-with-dsym";
				ENABLE_NS_ASSERTIONS = NO;
				ENABLE_STRICT_OBJC_MSGSEND = YES;
				GCC_C_LANGUAGE_STANDARD = gnu99;
				GCC_NO_COMMON_BLOCKS = YES;
				GCC_WARN_64_TO_32_BIT_CONVERSION = YES;
				GCC_WARN_ABOUT_RETURN_TYPE = YES_ERROR;
				GCC_WARN_UNDECLARED_SELECTOR = YES;
				GCC_WARN_UNINITIALIZED_AUTOS = YES_AGGRESSIVE;
				GCC_WARN_UNUSED_FUNCTION = YES;
				GCC_WARN_UNUSED_VARIABLE = YES;
				IPHONEOS_DEPLOYMENT_TARGET = 9.2;
				MTL_ENABLE_DEBUG_INFO = NO;
				SDKROOT = iphoneos;
				TARGETED_DEVICE_FAMILY = "1,2";
				VALIDATE_PRODUCT = YES;
			};
			name = Release;
		};
		BA2881D51CB292D300CB8328 /* Debug */ = {
			isa = XCBuildConfiguration;
			buildSettings = {
				ASSETCATALOG_COMPILER_APPICON_NAME = AppIcon;
				INFOPLIST_FILE = PaperSwitchApp/Info.plist;
				LD_RUNPATH_SEARCH_PATHS = "$(inherited) @executable_path/Frameworks";
				PRODUCT_BUNDLE_IDENTIFIER = MK.PaperSwitchApp;
				PRODUCT_NAME = "$(TARGET_NAME)";
			};
			name = Debug;
		};
		BA2881D61CB292D300CB8328 /* Release */ = {
			isa = XCBuildConfiguration;
			buildSettings = {
				ASSETCATALOG_COMPILER_APPICON_NAME = AppIcon;
				INFOPLIST_FILE = PaperSwitchApp/Info.plist;
				LD_RUNPATH_SEARCH_PATHS = "$(inherited) @executable_path/Frameworks";
				PRODUCT_BUNDLE_IDENTIFIER = MK.PaperSwitchApp;
				PRODUCT_NAME = "$(TARGET_NAME)";
			};
			name = Release;
		};
/* End XCBuildConfiguration section */

/* Begin XCConfigurationList section */
		BA2881BD1CB292D300CB8328 /* Build configuration list for PBXProject "PaperSwitchApp" */ = {
			isa = XCConfigurationList;
			buildConfigurations = (
				BA2881D21CB292D300CB8328 /* Debug */,
				BA2881D31CB292D300CB8328 /* Release */,
			);
			defaultConfigurationIsVisible = 0;
			defaultConfigurationName = Release;
		};
		BA2881D41CB292D300CB8328 /* Build configuration list for PBXNativeTarget "PaperSwitchApp" */ = {
			isa = XCConfigurationList;
			buildConfigurations = (
				BA2881D51CB292D300CB8328 /* Debug */,
				BA2881D61CB292D300CB8328 /* Release */,
			);
			defaultConfigurationIsVisible = 0;
		};
/* End XCConfigurationList section */
	};
	rootObject = BA2881BA1CB292D300CB8328 /* Project object */;
}
